{
  "requires": true,
  "lockfileVersion": 1,
  "dependencies": {
    "bootstrap": {
      "version": "5.0.1",
      "resolved": "https://registry.nlark.com/bootstrap/download/bootstrap-5.0.1.tgz?cache=0&sync_timestamp=1620923764539&other_urls=https%3A%2F%2Fregistry.nlark.com%2Fbootstrap%2Fdownload%2Fbootstrap-5.0.1.tgz",
      "integrity": "sha1-55OdWZEZ3IGKkEeKKimb2v8Dfgk="
    }
  }
}
